
Microsoft Visual Studio Solution File, Format Version 12.00
# Visual Studio Version 17
VisualStudioVersion = 17.14.36121.58 d17.14
MinimumVisualStudioVersion = 10.0.40219.1
Project("{FAE04EC0-301F-11D3-BF4B-00C04F79EFBC}") = "utca", "utca\utca.csproj", "{76571B13-D437-430D-84AC-F73DF0A4A8D1}"
EndProject
Global
	GlobalSection(SolutionConfigurationPlatforms) = preSolution
		Debug|Any CPU = Debug|Any CPU
		Release|Any CPU = Release|Any CPU
	EndGlobalSection
	GlobalSection(ProjectConfigurationPlatforms) = postSolution
		{76571B13-D437-430D-84AC-F73DF0A4A8D1}.Debug|Any CPU.ActiveCfg = Debug|Any CPU
		{76571B13-D437-430D-84AC-F73DF0A4A8D1}.Debug|Any CPU.Build.0 = Debug|Any CPU
		{76571B13-D437-430D-84AC-F73DF0A4A8D1}.Release|Any CPU.ActiveCfg = Release|Any CPU
		{76571B13-D437-430D-84AC-F73DF0A4A8D1}.Release|Any CPU.Build.0 = Release|Any CPU
	EndGlobalSection
	GlobalSection(SolutionProperties) = preSolution
		HideSolutionNode = FALSE
	EndGlobalSection
	GlobalSection(ExtensibilityGlobals) = postSolution
		SolutionGuid = {76AA5FC8-2924-4E0A-AFC6-B509B634F760}
	EndGlobalSection
EndGlobal
