
Microsoft Visual Studio Solution File, Format Version 12.00
# Visual Studio Version 18
VisualStudioVersion = 18.3.11520.95 d18.3
MinimumVisualStudioVersion = 10.0.40219.1
Project("{FAE04EC0-301F-11D3-BF4B-00C04F79EFBC}") = "Tarsalgo", "Tarsalgo\Tarsalgo.csproj", "{4855636F-AFA3-456A-B571-15D81583ECD2}"
EndProject
Global
	GlobalSection(SolutionConfigurationPlatforms) = preSolution
		Debug|Any CPU = Debug|Any CPU
		Release|Any CPU = Release|Any CPU
	EndGlobalSection
	GlobalSection(ProjectConfigurationPlatforms) = postSolution
		{4855636F-AFA3-456A-B571-15D81583ECD2}.Debug|Any CPU.ActiveCfg = Debug|Any CPU
		{4855636F-AFA3-456A-B571-15D81583ECD2}.Debug|Any CPU.Build.0 = Debug|Any CPU
		{4855636F-AFA3-456A-B571-15D81583ECD2}.Release|Any CPU.ActiveCfg = Release|Any CPU
		{4855636F-AFA3-456A-B571-15D81583ECD2}.Release|Any CPU.Build.0 = Release|Any CPU
	EndGlobalSection
	GlobalSection(SolutionProperties) = preSolution
		HideSolutionNode = FALSE
	EndGlobalSection
	GlobalSection(ExtensibilityGlobals) = postSolution
		SolutionGuid = {CFE30D30-283C-4D99-9D39-FF15CA4FFC03}
	EndGlobalSection
EndGlobal
