
Microsoft Visual Studio Solution File, Format Version 12.00
# Visual Studio Version 18
VisualStudioVersion = 18.2.11415.280 d18.0
MinimumVisualStudioVersion = 10.0.40219.1
Project("{FAE04EC0-301F-11D3-BF4B-00C04F79EFBC}") = "Versenyzok", "Versenyzok\Versenyzok.csproj", "{F469C520-4950-4DA4-8AC2-7B2D2D60A7AF}"
EndProject
Global
	GlobalSection(SolutionConfigurationPlatforms) = preSolution
		Debug|Any CPU = Debug|Any CPU
		Release|Any CPU = Release|Any CPU
	EndGlobalSection
	GlobalSection(ProjectConfigurationPlatforms) = postSolution
		{F469C520-4950-4DA4-8AC2-7B2D2D60A7AF}.Debug|Any CPU.ActiveCfg = Debug|Any CPU
		{F469C520-4950-4DA4-8AC2-7B2D2D60A7AF}.Debug|Any CPU.Build.0 = Debug|Any CPU
		{F469C520-4950-4DA4-8AC2-7B2D2D60A7AF}.Release|Any CPU.ActiveCfg = Release|Any CPU
		{F469C520-4950-4DA4-8AC2-7B2D2D60A7AF}.Release|Any CPU.Build.0 = Release|Any CPU
	EndGlobalSection
	GlobalSection(SolutionProperties) = preSolution
		HideSolutionNode = FALSE
	EndGlobalSection
	GlobalSection(ExtensibilityGlobals) = postSolution
		SolutionGuid = {C93CC0AC-FC48-4432-B4EC-C115204835D9}
	EndGlobalSection
EndGlobal
